
Microsoft Visual Studio Solution File, Format Version 12.00
# Visual Studio Version 17
VisualStudioVersion = 17.13.35931.197 d17.13
MinimumVisualStudioVersion = 10.0.40219.1
Project("{FAE04EC0-301F-11D3-BF4B-00C04F79EFBC}") = "ParkingUNAH", "ParkingUNAH.csproj", "{BB88BD5F-1E91-067E-B5BC-5694721A00B9}"
EndProject
Global
	GlobalSection(SolutionConfigurationPlatforms) = preSolution
		Debug|Any CPU = Debug|Any CPU
		Release|Any CPU = Release|Any CPU
	EndGlobalSection
	GlobalSection(ProjectConfigurationPlatforms) = postSolution
		{BB88BD5F-1E91-067E-B5BC-5694721A00B9}.Debug|Any CPU.ActiveCfg = Debug|Any CPU
		{BB88BD5F-1E91-067E-B5BC-5694721A00B9}.Debug|Any CPU.Build.0 = Debug|Any CPU
		{BB88BD5F-1E91-067E-B5BC-5694721A00B9}.Release|Any CPU.ActiveCfg = Release|Any CPU
		{BB88BD5F-1E91-067E-B5BC-5694721A00B9}.Release|Any CPU.Build.0 = Release|Any CPU
	EndGlobalSection
	GlobalSection(SolutionProperties) = preSolution
		HideSolutionNode = FALSE
	EndGlobalSection
	GlobalSection(ExtensibilityGlobals) = postSolution
		SolutionGuid = {4C22AD51-A0C2-4A8B-889A-49B8623CE1B5}
	EndGlobalSection
EndGlobal
